Microsoft Visual Studio Solution File, Format Version 12.00
# Visual Studio 15
VisualStudioVersion = 15.0.26430.14
MinimumVisualStudioVersion = 10.0.40219.1
Project("{FAE04EC0-301F-11D3-BF4B-00C04F79EFBC}") = "Petstore.Standard", "Petstore.Standard/Petstore.Standard.csproj", "{6a8d7de7-e802-451f-bd4e-2362b27f0729}"
EndProject
Project("{FAE04EC0-301F-11D3-BF4B-00C04F79EFBC}") = "Petstore.Tests", "Petstore.Tests/Petstore.Tests.csproj", "{8bbb10a4-a099-4852-9d22-29dc18e4310a}"
EndProject
Global
    GlobalSection(SolutionConfigurationPlatforms) = preSolution
        Debug|Any CPU = Debug|Any CPU
        Release|Any CPU = Release|Any CPU
    EndGlobalSection
    GlobalSection(ProjectConfigurationPlatforms) = postSolution
        {6a8d7de7-e802-451f-bd4e-2362b27f0729}.Debug|Any CPU.ActiveCfg = Debug|Any CPU
        {6a8d7de7-e802-451f-bd4e-2362b27f0729}.Debug|Any CPU.Build.0 = Debug|Any CPU
        {6a8d7de7-e802-451f-bd4e-2362b27f0729}.Release|Any CPU.ActiveCfg = Release|Any CPU
        {6a8d7de7-e802-451f-bd4e-2362b27f0729}.Release|Any CPU.Build.0 = Release|Any CPU
        {8bbb10a4-a099-4852-9d22-29dc18e4310a}.Debug|Any CPU.ActiveCfg = Debug|Any CPU
        {8bbb10a4-a099-4852-9d22-29dc18e4310a}.Debug|Any CPU.Build.0 = Debug|Any CPU
        {8bbb10a4-a099-4852-9d22-29dc18e4310a}.Release|Any CPU.ActiveCfg = Release|Any CPU
        {8bbb10a4-a099-4852-9d22-29dc18e4310a}.Release|Any CPU.Build.0 = Release|Any CPU
    EndGlobalSection
    GlobalSection(SolutionProperties) = preSolution
        HideSolutionNode = FALSE
    EndGlobalSection
EndGlobal
